
Microsoft Visual Studio Solution File, Format Version 12.00
# Visual Studio Version 17
VisualStudioVersion = 17.9.34622.214
MinimumVisualStudioVersion = 10.0.40219.1
Project("{9A19103F-16F7-4668-BE54-9A1E7A4F7556}") = "KSiS2(Server)", "KSiS2(Server).csproj", "{CE525048-9269-417F-AB77-AB28348EF039}"
EndProject
Global
	GlobalSection(SolutionConfigurationPlatforms) = preSolution
		Debug|Any CPU = Debug|Any CPU
		Release|Any CPU = Release|Any CPU
	EndGlobalSection
	GlobalSection(ProjectConfigurationPlatforms) = postSolution
		{CE525048-9269-417F-AB77-AB28348EF039}.Debug|Any CPU.ActiveCfg = Debug|Any CPU
		{CE525048-9269-417F-AB77-AB28348EF039}.Debug|Any CPU.Build.0 = Debug|Any CPU
		{CE525048-9269-417F-AB77-AB28348EF039}.Debug|Any CPU.Deploy.0 = Debug|Any CPU
		{CE525048-9269-417F-AB77-AB28348EF039}.Release|Any CPU.ActiveCfg = Release|Any CPU
		{CE525048-9269-417F-AB77-AB28348EF039}.Release|Any CPU.Build.0 = Release|Any CPU
		{CE525048-9269-417F-AB77-AB28348EF039}.Release|Any CPU.Deploy.0 = Release|Any CPU
	EndGlobalSection
	GlobalSection(SolutionProperties) = preSolution
		HideSolutionNode = FALSE
	EndGlobalSection
	GlobalSection(ExtensibilityGlobals) = postSolution
		SolutionGuid = {66DCB6C6-670C-4EA1-A7E5-C8227E362EE8}
	EndGlobalSection
EndGlobal
